<Solution>
  <Project Path="CsharpSession1/CsharpSession1.csproj" Id="c3c8e044-0249-4018-b517-160ca71dfa40" />
  <Project Path="CsharpSession2/CsharpSession2.csproj" Id="9393ec5f-d6b6-4159-a6c8-7efba5df5e41" />
  <Project Path="FunctionsPractice(1)/FunctionsPractice(1).csproj" Id="d3f4eeeb-c001-4436-9d18-821fa8667406" />
  <Project Path="PracticeTasks(1)/PracticeTasks(1).csproj" Id="069d6662-3423-4f10-b006-1df1455b34eb" />
  <Project Path="PracticeTasks(2)/PracticeTasks(2).csproj" Id="0253c946-2eee-48b5-b351-d08d4ab2a4a5" />
  <Project Path="PracticeTasks(3)/PracticeTasks(3).csproj" Id="218a343b-bcb1-4cf4-8dc3-6c85e9c03887" />
  <Project Path="UserDefinedFunctions/UserDefinedFunctions.csproj" Id="4b5377f2-4a4e-439d-a994-0350fc5848cf" />
</Solution>
